
Microsoft Visual Studio Solution File, Format Version 12.00
# Visual Studio Version 16
VisualStudioVersion = 16.0.30406.217
MinimumVisualStudioVersion = 10.0.40219.1
Project("{FAE04EC0-301F-11D3-BF4B-00C04F79EFBC}") = "SignalR.Connect", "SignalR.Connect\SignalR.Connect.csproj", "{3DC07A04-1161-4A37-9FE9-D78D657FFBED}"
EndProject
Global
	GlobalSection(SolutionConfigurationPlatforms) = preSolution
		Debug|Any CPU = Debug|Any CPU
		Release|Any CPU = Release|Any CPU
	EndGlobalSection
	GlobalSection(ProjectConfigurationPlatforms) = postSolution
		{3DC07A04-1161-4A37-9FE9-D78D657FFBED}.Debug|Any CPU.ActiveCfg = Debug|Any CPU
		{3DC07A04-1161-4A37-9FE9-D78D657FFBED}.Debug|Any CPU.Build.0 = Debug|Any CPU
		{3DC07A04-1161-4A37-9FE9-D78D657FFBED}.Release|Any CPU.ActiveCfg = Release|Any CPU
		{3DC07A04-1161-4A37-9FE9-D78D657FFBED}.Release|Any CPU.Build.0 = Release|Any CPU
	EndGlobalSection
	GlobalSection(SolutionProperties) = preSolution
		HideSolutionNode = FALSE
	EndGlobalSection
	GlobalSection(ExtensibilityGlobals) = postSolution
		SolutionGuid = {49C7D2D6-0A21-489A-9037-943479A7A879}
	EndGlobalSection
EndGlobal
